// !$*UTF8*$!
{
	archiveVersion = 1;
	classes = {
	};
	objectVersion = 50;
	objects = {

/* Begin PBXBuildFile section */
		075ECBA925E3D35900371374 /* AppDelegate.swift in Sources */ = {isa = PBXBuildFile; fileRef = 075ECBA825E3D35900371374 /* AppDelegate.swift */; };
		075ECBAB25E3D35900371374 /* SceneDelegate.swift in Sources */ = {isa = PBXBuildFile; fileRef = 075ECBAA25E3D35900371374 /* SceneDelegate.swift */; };
		075ECBAD25E3D35900371374 /* ViewController.swift in Sources */ = {isa = PBXBuildFile; fileRef = 075ECBAC25E3D35900371374 /* ViewController.swift */; };
		075ECBB025E3D35900371374 /* Main.storyboard in Resources */ = {isa = PBXBuildFile; fileRef = 075ECBAE25E3D35900371374 /* Main.storyboard */; };
		075ECBB325E3D35900371374 /* What_To_Do.xcdatamodeld in Sources */ = {isa = PBXBuildFile; fileRef = 075ECBB125E3D35900371374 /* What_To_Do.xcdatamodeld */; };
		075ECBB525E3D35A00371374 /* Assets.xcassets in Resources */ = {isa = PBXBuildFile; fileRef = 075ECBB425E3D35A00371374 /* Assets.xcassets */; };
		075ECBB825E3D35A00371374 /* LaunchScreen.storyboard in Resources */ = {isa = PBXBuildFile; fileRef = 075ECBB625E3D35A00371374 /* LaunchScreen.storyboard */; };
		078D859925E5348A002A1F88 /* TaskCell.swift in Sources */ = {isa = PBXBuildFile; fileRef = 078D859825E5348A002A1F88 /* TaskCell.swift */; };
		078D859E25E53591002A1F88 /* TaskController.swift in Sources */ = {isa = PBXBuildFile; fileRef = 078D859D25E53591002A1F88 /* TaskController.swift */; };
		078D85A825E53A3C002A1F88 /* Todo+CoreDataClass.swift in Sources */ = {isa = PBXBuildFile; fileRef = 078D85A625E53A3C002A1F88 /* Todo+CoreDataClass.swift */; };
		078D85A925E53A3C002A1F88 /* Todo+CoreDataProperties.swift in Sources */ = {isa = PBXBuildFile; fileRef = 078D85A725E53A3C002A1F88 /* Todo+CoreDataProperties.swift */; };
/* End PBXBuildFile section */

/* Begin PBXFileReference section */
		075ECBA525E3D35900371374 /* What To Do.app */ = {isa = PBXFileReference; explicitFileType = wrapper.application; includeInIndex = 0; path = "What To Do.app"; sourceTree = BUILT_PRODUCTS_DIR; };
		075ECBA825E3D35900371374 /* AppDelegate.swift */ = {isa = PBXFileReference; lastKnownFileType = sourcecode.swift; path = AppDelegate.swift; sourceTree = "<group>"; };
		075ECBAA25E3D35900371374 /* SceneDelegate.swift */ = {isa = PBXFileReference; lastKnownFileType = sourcecode.swift; path = SceneDelegate.swift; sourceTree = "<group>"; };
		075ECBAC25E3D35900371374 /* ViewController.swift */ = {isa = PBXFileReference; lastKnownFileType = sourcecode.swift; path = ViewController.swift; sourceTree = "<group>"; };
		075ECBAF25E3D35900371374 /* Base */ = {isa = PBXFileReference; lastKnownFileType = file.storyboard; name = Base; path = Base.lproj/Main.storyboard; sourceTree = "<group>"; };
		075ECBB225E3D35900371374 /* What_To_Do.xcdatamodel */ = {isa = PBXFileReference; lastKnownFileType = wrapper.xcdatamodel; path = What_To_Do.xcdatamodel; sourceTree = "<group>"; };
		075ECBB425E3D35A00371374 /* Assets.xcassets */ = {isa = PBXFileReference; lastKnownFileType = folder.assetcatalog; path = Assets.xcassets; sourceTree = "<group>"; };
		075ECBB725E3D35A00371374 /* Base */ = {isa = PBXFileReference; lastKnownFileType = file.storyboard; name = Base; path = Base.lproj/LaunchScreen.storyboard; sourceTree = "<group>"; };
		075ECBB925E3D35A00371374 /* Info.plist */ = {isa = PBXFileReference; lastKnownFileType = text.plist.xml; path = Info.plist; sourceTree = "<group>"; };
		078D859825E5348A002A1F88 /* TaskCell.swift */ = {isa = PBXFileReference; lastKnownFileType = sourcecode.swift; path = TaskCell.swift; sourceTree = "<group>"; };
		078D859D25E53591002A1F88 /* TaskController.swift */ = {isa = PBXFileReference; lastKnownFileType = sourcecode.swift; path = TaskController.swift; sourceTree = "<group>"; };
		078D85A625E53A3C002A1F88 /* Todo+CoreDataClass.swift */ = {isa = PBXFileReference; lastKnownFileType = sourcecode.swift; path = "Todo+CoreDataClass.swift"; sourceTree = "<group>"; };
		078D85A725E53A3C002A1F88 /* Todo+CoreDataProperties.swift */ = {isa = PBXFileReference; lastKnownFileType = sourcecode.swift; path = "Todo+CoreDataProperties.swift"; sourceTree = "<group>"; };
/* End PBXFileReference section */

/* Begin PBXFrameworksBuildPhase section */
		075ECBA225E3D35900371374 /* Frameworks */ = {
			isa = PBXFrameworksBuildPhase;
			buildActionMask = 2147483647;
			files = (
			);
			runOnlyForDeploymentPostprocessing = 0;
		};
/* End PBXFrameworksBuildPhase section */

/* Begin PBXGroup section */
		075ECB9C25E3D35800371374 = {
			isa = PBXGroup;
			children = (
				078D85A625E53A3C002A1F88 /* Todo+CoreDataClass.swift */,
				078D85A725E53A3C002A1F88 /* Todo+CoreDataProperties.swift */,
				075ECBA725E3D35900371374 /* What To Do */,
				075ECBA625E3D35900371374 /* Products */,
			);
			sourceTree = "<group>";
		};
		075ECBA625E3D35900371374 /* Products */ = {
			isa = PBXGroup;
			children = (
				075ECBA525E3D35900371374 /* What To Do.app */,
			);
			name = Products;
			sourceTree = "<group>";
		};
		075ECBA725E3D35900371374 /* What To Do */ = {
			isa = PBXGroup;
			children = (
				078D859C25E53542002A1F88 /* Controller */,
				078D859725E5344E002A1F88 /* View */,
				075ECBA825E3D35900371374 /* AppDelegate.swift */,
				075ECBAA25E3D35900371374 /* SceneDelegate.swift */,
				075ECBAC25E3D35900371374 /* ViewController.swift */,
				075ECBAE25E3D35900371374 /* Main.storyboard */,
				075ECBB425E3D35A00371374 /* Assets.xcassets */,
				075ECBB625E3D35A00371374 /* LaunchScreen.storyboard */,
				075ECBB925E3D35A00371374 /* Info.plist */,
				075ECBB125E3D35900371374 /* What_To_Do.xcdatamodeld */,
			);
			path = "What To Do";
			sourceTree = "<group>";
		};
		078D859725E5344E002A1F88 /* View */ = {
			isa = PBXGroup;
			children = (
				078D859825E5348A002A1F88 /* TaskCell.swift */,
			);
			path = View;
			sourceTree = "<group>";
		};
		078D859C25E53542002A1F88 /* Controller */ = {
			isa = PBXGroup;
			children = (
				078D859D25E53591002A1F88 /* TaskController.swift */,
			);
			path = Controller;
			sourceTree = "<group>";
		};
/* End PBXGroup section */

/* Begin PBXNativeTarget section */
		075ECBA425E3D35900371374 /* What To Do */ = {
			isa = PBXNativeTarget;
			buildConfigurationList = 075ECBBC25E3D35A00371374 /* Build configuration list for PBXNativeTarget "What To Do" */;
			buildPhases = (
				075ECBA125E3D35900371374 /* Sources */,
				075ECBA225E3D35900371374 /* Frameworks */,
				075ECBA325E3D35900371374 /* Resources */,
			);
			buildRules = (
			);
			dependencies = (
			);
			name = "What To Do";
			productName = "What To Do";
			productReference = 075ECBA525E3D35900371374 /* What To Do.app */;
			productType = "com.apple.product-type.application";
		};
/* End PBXNativeTarget section */

/* Begin PBXProject section */
		075ECB9D25E3D35900371374 /* Project object */ = {
			isa = PBXProject;
			attributes = {
				LastSwiftUpdateCheck = 1240;
				LastUpgradeCheck = 1240;
				TargetAttributes = {
					075ECBA425E3D35900371374 = {
						CreatedOnToolsVersion = 12.4;
					};
				};
			};
			buildConfigurationList = 075ECBA025E3D35900371374 /* Build configuration list for PBXProject "What To Do" */;
			compatibilityVersion = "Xcode 9.3";
			developmentRegion = en;
			hasScannedForEncodings = 0;
			knownRegions = (
				en,
				Base,
			);
			mainGroup = 075ECB9C25E3D35800371374;
			productRefGroup = 075ECBA625E3D35900371374 /* Products */;
			projectDirPath = "";
			projectRoot = "";
			targets = (
				075ECBA425E3D35900371374 /* What To Do */,
			);
		};
/* End PBXProject section */

/* Begin PBXResourcesBuildPhase section */
		075ECBA325E3D35900371374 /* Resources */ = {
			isa = PBXResourcesBuildPhase;
			buildActionMask = 2147483647;
			files = (
				075ECBB825E3D35A00371374 /* LaunchScreen.storyboard in Resources */,
				075ECBB525E3D35A00371374 /* Assets.xcassets in Resources */,
				075ECBB025E3D35900371374 /* Main.storyboard in Resources */,
			);
			runOnlyForDeploymentPostprocessing = 0;
		};
/* End PBXResourcesBuildPhase section */

/* Begin PBXSourcesBuildPhase section */
		075ECBA125E3D35900371374 /* Sources */ = {
			isa = PBXSourcesBuildPhase;
			buildActionMask = 2147483647;
			files = (
				075ECBAD25E3D35900371374 /* ViewController.swift in Sources */,
				078D85A925E53A3C002A1F88 /* Todo+CoreDataProperties.swift in Sources */,
				078D85A825E53A3C002A1F88 /* Todo+CoreDataClass.swift in Sources */,
				075ECBA925E3D35900371374 /* AppDelegate.swift in Sources */,
				075ECBAB25E3D35900371374 /* SceneDelegate.swift in Sources */,
				075ECBB325E3D35900371374 /* What_To_Do.xcdatamodeld in Sources */,
				078D859E25E53591002A1F88 /* TaskController.swift in Sources */,
				078D859925E5348A002A1F88 /* TaskCell.swift in Sources */,
			);
			runOnlyForDeploymentPostprocessing = 0;
		};
/* End PBXSourcesBuildPhase section */

/* Begin PBXVariantGroup section */
		075ECBAE25E3D35900371374 /* Main.storyboard */ = {
			isa = PBXVariantGroup;
			children = (
				075ECBAF25E3D35900371374 /* Base */,
			);
			name = Main.storyboard;
			sourceTree = "<group>";
		};
		075ECBB625E3D35A00371374 /* LaunchScreen.storyboard */ = {
			isa = PBXVariantGroup;
			children = (
				075ECBB725E3D35A00371374 /* Base */,
			);
			name = LaunchScreen.storyboard;
			sourceTree = "<group>";
		};
/* End PBXVariantGroup section */

/* Begin XCBuildConfiguration section */
		075ECBBA25E3D35A00371374 /* Debug */ = {
			isa = XCBuildConfiguration;
			buildSettings = {
				ALWAYS_SEARCH_USER_PATHS = NO;
				CLANG_ANALYZER_NONNULL = YES;
				CLANG_ANALYZER_NUMBER_OBJECT_CONVERSION = YES_AGGRESSIVE;
				CLANG_CXX_LANGUAGE_STANDARD = "gnu++14";
				CLANG_CXX_LIBRARY = "libc++";
				CLANG_ENABLE_MODULES = YES;
				CLANG_ENABLE_OBJC_ARC = YES;
				CLANG_ENABLE_OBJC_WEAK = YES;
				CLANG_WARN_BLOCK_CAPTURE_AUTORELEASING = YES;
				CLANG_WARN_BOOL_CONVERSION = YES;
				CLANG_WARN_COMMA = YES;
				CLANG_WARN_CONSTANT_CONVERSION = YES;
				CLANG_WARN_DEPRECATED_OBJC_IMPLEMENTATIONS = YES;
				CLANG_WARN_DIRECT_OBJC_ISA_USAGE = YES_ERROR;
				CLANG_WARN_DOCUMENTATION_COMMENTS = YES;
				CLANG_WARN_EMPTY_BODY = YES;
				CLANG_WARN_ENUM_CONVERSION = YES;
				CLANG_WARN_INFINITE_RECURSION = YES;
				CLANG_WARN_INT_CONVERSION = YES;
				CLANG_WARN_NON_LITERAL_NULL_CONVERSION = YES;
				CLANG_WARN_OBJC_IMPLICIT_RETAIN_SELF = YES;
				CLANG_WARN_OBJC_LITERAL_CONVERSION = YES;
				CLANG_WARN_OBJC_ROOT_CLASS = YES_ERROR;
				CLANG_WARN_QUOTED_INCLUDE_IN_FRAMEWORK_HEADER = YES;
				CLANG_WARN_RANGE_LOOP_ANALYSIS = YES;
				CLANG_WARN_STRICT_PROTOTYPES = YES;
				CLANG_WARN_SUSPICIOUS_MOVE = YES;
				CLANG_WARN_UNGUARDED_AVAILABILITY = YES_AGGRESSIVE;
				CLANG_WARN_UNREACHABLE_CODE = YES;
				CLANG_WARN__DUPLICATE_METHOD_MATCH = YES;
				COPY_PHASE_STRIP = NO;
				DEBUG_INFORMATION_FORMAT = dwarf;
				ENABLE_STRICT_OBJC_MSGSEND = YES;
				ENABLE_TESTABILITY = YES;
				GCC_C_LANGUAGE_STANDARD = gnu11;
				GCC_DYNAMIC_NO_PIC = NO;
				GCC_NO_COMMON_BLOCKS = YES;
				GCC_OPTIMIZATION_LEVEL = 0;
				GCC_PREPROCESSOR_DEFINITIONS = (
					"DEBUG=1",
					"$(inherited)",
				);
				GCC_WARN_64_TO_32_BIT_CONVERSION = YES;
				GCC_WARN_ABOUT_RETURN_TYPE = YES_ERROR;
				GCC_WARN_UNDECLARED_SELECTOR = YES;
				GCC_WARN_UNINITIALIZED_AUTOS = YES_AGGRESSIVE;
				GCC_WARN_UNUSED_FUNCTION = YES;
				GCC_WARN_UNUSED_VARIABLE = YES;
				IPHONEOS_DEPLOYMENT_TARGET = 14.4;
				MTL_ENABLE_DEBUG_INFO = INCLUDE_SOURCE;
				MTL_FAST_MATH = YES;
				ONLY_ACTIVE_ARCH = YES;
				SDKROOT = iphoneos;
				SWIFT_ACTIVE_COMPILATION_CONDITIONS = DEBUG;
				SWIFT_OPTIMIZATION_LEVEL = "-Onone";
			};
			name = Debug;
		};
		075ECBBB25E3D35A00371374 /* Release */ = {
			isa = XCBuildConfiguration;
			buildSettings = {
				ALWAYS_SEARCH_USER_PATHS = NO;
				CLANG_ANALYZER_NONNULL = YES;
				CLANG_ANALYZER_NUMBER_OBJECT_CONVERSION = YES_AGGRESSIVE;
				CLANG_CXX_LANGUAGE_STANDARD = "gnu++14";
				CLANG_CXX_LIBRARY = "libc++";
				CLANG_ENABLE_MODULES = YES;
				CLANG_ENABLE_OBJC_ARC = YES;
				CLANG_ENABLE_OBJC_WEAK = YES;
				CLANG_WARN_BLOCK_CAPTURE_AUTORELEASING = YES;
				CLANG_WARN_BOOL_CONVERSION = YES;
				CLANG_WARN_COMMA = YES;
				CLANG_WARN_CONSTANT_CONVERSION = YES;
				CLANG_WARN_DEPRECATED_OBJC_IMPLEMENTATIONS = YES;
				CLANG_WARN_DIRECT_OBJC_ISA_USAGE = YES_ERROR;
				CLANG_WARN_DOCUMENTATION_COMMENTS = YES;
				CLANG_WARN_EMPTY_BODY = YES;
				CLANG_WARN_ENUM_CONVERSION = YES;
				CLANG_WARN_INFINITE_RECURSION = YES;
				CLANG_WARN_INT_CONVERSION = YES;
				CLANG_WARN_NON_LITERAL_NULL_CONVERSION = YES;
				CLANG_WARN_OBJC_IMPLICIT_RETAIN_SELF = YES;
				CLANG_WARN_OBJC_LITERAL_CONVERSION = YES;
				CLANG_WARN_OBJC_ROOT_CLASS = YES_ERROR;
				CLANG_WARN_QUOTED_INCLUDE_IN_FRAMEWORK_HEADER = YES;
				CLANG_WARN_RANGE_LOOP_ANALYSIS = YES;
				CLANG_WARN_STRICT_PROTOTYPES = YES;
				CLANG_WARN_SUSPICIOUS_MOVE = YES;
				CLANG_WARN_UNGUARDED_AVAILABILITY = YES_AGGRESSIVE;
				CLANG_WARN_UNREACHABLE_CODE = YES;
				CLANG_WARN__DUPLICATE_METHOD_MATCH = YES;
				COPY_PHASE_STRIP = NO;
				DEBUG_INFORMATION_FORMAT = "dwarf-with-dsym";
				ENABLE_NS_ASSERTIONS = NO;
				ENABLE_STRICT_OBJC_MSGSEND = YES;
				GCC_C_LANGUAGE_STANDARD = gnu11;
				GCC_NO_COMMON_BLOCKS = YES;
				GCC_WARN_64_TO_32_BIT_CONVERSION = YES;
				GCC_WARN_ABOUT_RETURN_TYPE = YES_ERROR;
				GCC_WARN_UNDECLARED_SELECTOR = YES;
				GCC_WARN_UNINITIALIZED_AUTOS = YES_AGGRESSIVE;
				GCC_WARN_UNUSED_FUNCTION = YES;
				GCC_WARN_UNUSED_VARIABLE = YES;
				IPHONEOS_DEPLOYMENT_TARGET = 14.4;
				MTL_ENABLE_DEBUG_INFO = NO;
				MTL_FAST_MATH = YES;
				SDKROOT = iphoneos;
				SWIFT_COMPILATION_MODE = wholemodule;
				SWIFT_OPTIMIZATION_LEVEL = "-O";
				VALIDATE_PRODUCT = YES;
			};
			name = Release;
		};
		075ECBBD25E3D35A00371374 /* Debug */ = {
			isa = XCBuildConfiguration;
			buildSettings = {
				ASSETCATALOG_COMPILER_APPICON_NAME = AppIcon;
				ASSETCATALOG_COMPILER_GLOBAL_ACCENT_COLOR_NAME = AccentColor;
				CODE_SIGN_STYLE = Automatic;
				DEVELOPMENT_TEAM = DQ8BV97XCZ;
				INFOPLIST_FILE = "What To Do/Info.plist";
				LD_RUNPATH_SEARCH_PATHS = (
					"$(inherited)",
					"@executable_path/Frameworks",
				);
				PRODUCT_BUNDLE_IDENTIFIER = "com.rifqialfaizi.What-To-Do";
				PRODUCT_NAME = "$(TARGET_NAME)";
				SWIFT_VERSION = 5.0;
				TARGETED_DEVICE_FAMILY = "1,2";
			};
			name = Debug;
		};
		075ECBBE25E3D35A00371374 /* Release */ = {
			isa = XCBuildConfiguration;
			buildSettings = {
				ASSETCATALOG_COMPILER_APPICON_NAME = AppIcon;
				ASSETCATALOG_COMPILER_GLOBAL_ACCENT_COLOR_NAME = AccentColor;
				CODE_SIGN_STYLE = Automatic;
				DEVELOPMENT_TEAM = DQ8BV97XCZ;
				INFOPLIST_FILE = "What To Do/Info.plist";
				LD_RUNPATH_SEARCH_PATHS = (
					"$(inherited)",
					"@executable_path/Frameworks",
				);
				PRODUCT_BUNDLE_IDENTIFIER = "com.rifqialfaizi.What-To-Do";
				PRODUCT_NAME = "$(TARGET_NAME)";
				SWIFT_VERSION = 5.0;
				TARGETED_DEVICE_FAMILY = "1,2";
			};
			name = Release;
		};
/* End XCBuildConfiguration section */

/* Begin XCConfigurationList section */
		075ECBA025E3D35900371374 /* Build configuration list for PBXProject "What To Do" */ = {
			isa = XCConfigurationList;
			buildConfigurations = (
				075ECBBA25E3D35A00371374 /* Debug */,
				075ECBBB25E3D35A00371374 /* Release */,
			);
			defaultConfigurationIsVisible = 0;
			defaultConfigurationName = Release;
		};
		075ECBBC25E3D35A00371374 /* Build configuration list for PBXNativeTarget "What To Do" */ = {
			isa = XCConfigurationList;
			buildConfigurations = (
				075ECBBD25E3D35A00371374 /* Debug */,
				075ECBBE25E3D35A00371374 /* Release */,
			);
			defaultConfigurationIsVisible = 0;
			defaultConfigurationName = Release;
		};
/* End XCConfigurationList section */

/* Begin XCVersionGroup section */
		075ECBB125E3D35900371374 /* What_To_Do.xcdatamodeld */ = {
			isa = XCVersionGroup;
			children = (
				075ECBB225E3D35900371374 /* What_To_Do.xcdatamodel */,
			);
			currentVersion = 075ECBB225E3D35900371374 /* What_To_Do.xcdatamodel */;
			path = What_To_Do.xcdatamodeld;
			sourceTree = "<group>";
			versionGroupType = wrapper.xcdatamodel;
		};
/* End XCVersionGroup section */
	};
	rootObject = 075ECB9D25E3D35900371374 /* Project object */;
}
